
Microsoft Visual Studio Solution File, Format Version 12.00
# Visual Studio Version 17
VisualStudioVersion = 17.0.31903.59
MinimumVisualStudioVersion = 10.0.40219.1
Project("{FAE04EC0-301F-11D3-BF4B-00C04F79EFBC}") = "Elements", "Elements\Elements.csproj", "{977DB7D9-1383-4B6B-BD13-2184530B2787}"
EndProject
Project("{FAE04EC0-301F-11D3-BF4B-00C04F79EFBC}") = "ElementTests", "ElementTests\ElementTests.csproj", "{1544A93F-2294-4672-ADBF-C8B60E343E18}"
EndProject
Global
	GlobalSection(SolutionConfigurationPlatforms) = preSolution
		Debug|Any CPU = Debug|Any CPU
		Release|Any CPU = Release|Any CPU
	EndGlobalSection
	GlobalSection(ProjectConfigurationPlatforms) = postSolution
		{977DB7D9-1383-4B6B-BD13-2184530B2787}.Debug|Any CPU.ActiveCfg = Debug|Any CPU
		{977DB7D9-1383-4B6B-BD13-2184530B2787}.Debug|Any CPU.Build.0 = Debug|Any CPU
		{977DB7D9-1383-4B6B-BD13-2184530B2787}.Release|Any CPU.ActiveCfg = Release|Any CPU
		{977DB7D9-1383-4B6B-BD13-2184530B2787}.Release|Any CPU.Build.0 = Release|Any CPU
		{1544A93F-2294-4672-ADBF-C8B60E343E18}.Debug|Any CPU.ActiveCfg = Debug|Any CPU
		{1544A93F-2294-4672-ADBF-C8B60E343E18}.Debug|Any CPU.Build.0 = Debug|Any CPU
		{1544A93F-2294-4672-ADBF-C8B60E343E18}.Release|Any CPU.ActiveCfg = Release|Any CPU
		{1544A93F-2294-4672-ADBF-C8B60E343E18}.Release|Any CPU.Build.0 = Release|Any CPU
	EndGlobalSection
	GlobalSection(SolutionProperties) = preSolution
		HideSolutionNode = FALSE
	EndGlobalSection
EndGlobal
